
Microsoft Visual Studio Solution File, Format Version 12.00
# Visual Studio 15
VisualStudioVersion = 15.0.26730.16
MinimumVisualStudioVersion = 10.0.40219.1
Project("{FAE04EC0-301F-11D3-BF4B-00C04F79EFBC}") = "Lab4", "Lab4\Lab4.csproj", "{C87E2C99-0B7F-4363-A32F-1C60BD16A3FF}"
EndProject
Project("{FAE04EC0-301F-11D3-BF4B-00C04F79EFBC}") = "Lab4Tests", "Lab4Tests\Lab4Tests.csproj", "{FABDEB0F-3CDA-4E2D-918C-F716A8B79624}"
EndProject
Global
	GlobalSection(SolutionConfigurationPlatforms) = preSolution
		Debug|Any CPU = Debug|Any CPU
		Release|Any CPU = Release|Any CPU
	EndGlobalSection
	GlobalSection(ProjectConfigurationPlatforms) = postSolution
		{C87E2C99-0B7F-4363-A32F-1C60BD16A3FF}.Debug|Any CPU.ActiveCfg = Debug|Any CPU
		{C87E2C99-0B7F-4363-A32F-1C60BD16A3FF}.Debug|Any CPU.Build.0 = Debug|Any CPU
		{C87E2C99-0B7F-4363-A32F-1C60BD16A3FF}.Release|Any CPU.ActiveCfg = Release|Any CPU
		{C87E2C99-0B7F-4363-A32F-1C60BD16A3FF}.Release|Any CPU.Build.0 = Release|Any CPU
		{FABDEB0F-3CDA-4E2D-918C-F716A8B79624}.Debug|Any CPU.ActiveCfg = Debug|Any CPU
		{FABDEB0F-3CDA-4E2D-918C-F716A8B79624}.Debug|Any CPU.Build.0 = Debug|Any CPU
		{FABDEB0F-3CDA-4E2D-918C-F716A8B79624}.Release|Any CPU.ActiveCfg = Release|Any CPU
		{FABDEB0F-3CDA-4E2D-918C-F716A8B79624}.Release|Any CPU.Build.0 = Release|Any CPU
	EndGlobalSection
	GlobalSection(SolutionProperties) = preSolution
		HideSolutionNode = FALSE
	EndGlobalSection
	GlobalSection(ExtensibilityGlobals) = postSolution
		SolutionGuid = {FBF929AF-50FE-4FE0-82DF-940E0FEE7585}
	EndGlobalSection
EndGlobal
