
Microsoft Visual Studio Solution File, Format Version 12.00
# Visual Studio 15
VisualStudioVersion = 15.0.26730.16
MinimumVisualStudioVersion = 10.0.40219.1
Project("{FAE04EC0-301F-11D3-BF4B-00C04F79EFBC}") = "lab2_1", "lab2_1\lab2_1.csproj", "{8B0CC533-60CE-4470-8D08-A64D8D7DCF7D}"
EndProject
Project("{FAE04EC0-301F-11D3-BF4B-00C04F79EFBC}") = "ClassLibrary1", "ClassLibrary1\ClassLibrary1.csproj", "{5F207F62-044B-48BB-A598-636E7A48C994}"
EndProject
Project("{FAE04EC0-301F-11D3-BF4B-00C04F79EFBC}") = "XUnitTestProject1", "XUnitTestProject1\XUnitTestProject1.csproj", "{828B3D07-6F95-4316-82DB-22B0FA0E1229}"
EndProject
Global
	GlobalSection(SolutionConfigurationPlatforms) = preSolution
		Debug|Any CPU = Debug|Any CPU
		Release|Any CPU = Release|Any CPU
	EndGlobalSection
	GlobalSection(ProjectConfigurationPlatforms) = postSolution
		{8B0CC533-60CE-4470-8D08-A64D8D7DCF7D}.Debug|Any CPU.ActiveCfg = Debug|Any CPU
		{8B0CC533-60CE-4470-8D08-A64D8D7DCF7D}.Debug|Any CPU.Build.0 = Debug|Any CPU
		{8B0CC533-60CE-4470-8D08-A64D8D7DCF7D}.Release|Any CPU.ActiveCfg = Release|Any CPU
		{8B0CC533-60CE-4470-8D08-A64D8D7DCF7D}.Release|Any CPU.Build.0 = Release|Any CPU
		{5F207F62-044B-48BB-A598-636E7A48C994}.Debug|Any CPU.ActiveCfg = Debug|Any CPU
		{5F207F62-044B-48BB-A598-636E7A48C994}.Debug|Any CPU.Build.0 = Debug|Any CPU
		{5F207F62-044B-48BB-A598-636E7A48C994}.Release|Any CPU.ActiveCfg = Release|Any CPU
		{5F207F62-044B-48BB-A598-636E7A48C994}.Release|Any CPU.Build.0 = Release|Any CPU
		{828B3D07-6F95-4316-82DB-22B0FA0E1229}.Debug|Any CPU.ActiveCfg = Debug|Any CPU
		{828B3D07-6F95-4316-82DB-22B0FA0E1229}.Debug|Any CPU.Build.0 = Debug|Any CPU
		{828B3D07-6F95-4316-82DB-22B0FA0E1229}.Release|Any CPU.ActiveCfg = Release|Any CPU
		{828B3D07-6F95-4316-82DB-22B0FA0E1229}.Release|Any CPU.Build.0 = Release|Any CPU
	EndGlobalSection
	GlobalSection(SolutionProperties) = preSolution
		HideSolutionNode = FALSE
	EndGlobalSection
	GlobalSection(ExtensibilityGlobals) = postSolution
		SolutionGuid = {B0860912-7DDB-4D6C-AC4B-7D3ABA27E375}
	EndGlobalSection
EndGlobal
