
Microsoft Visual Studio Solution File, Format Version 12.00
# Visual Studio 15
VisualStudioVersion = 15.0.26730.16
MinimumVisualStudioVersion = 10.0.40219.1
Project("{9A19103F-16F7-4668-BE54-9A1E7A4F7556}") = "lab3", "lab3\lab3.csproj", "{08CB7A4B-A89A-4A36-AD47-766503D0EB11}"
EndProject
Project("{9A19103F-16F7-4668-BE54-9A1E7A4F7556}") = "lab3_test", "lab3_test\lab3_test.csproj", "{A1039E08-1E3E-44F9-ADBD-2321D6381BC2}"
EndProject
Project("{FAE04EC0-301F-11D3-BF4B-00C04F79EFBC}") = "lab3Tests", "lab3Tests\lab3Tests.csproj", "{DA849051-A1EE-4F49-814C-7370E156C92D}"
EndProject
Global
	GlobalSection(SolutionConfigurationPlatforms) = preSolution
		Debug|Any CPU = Debug|Any CPU
		Release|Any CPU = Release|Any CPU
	EndGlobalSection
	GlobalSection(ProjectConfigurationPlatforms) = postSolution
		{08CB7A4B-A89A-4A36-AD47-766503D0EB11}.Debug|Any CPU.ActiveCfg = Debug|Any CPU
		{08CB7A4B-A89A-4A36-AD47-766503D0EB11}.Debug|Any CPU.Build.0 = Debug|Any CPU
		{08CB7A4B-A89A-4A36-AD47-766503D0EB11}.Release|Any CPU.ActiveCfg = Release|Any CPU
		{08CB7A4B-A89A-4A36-AD47-766503D0EB11}.Release|Any CPU.Build.0 = Release|Any CPU
		{A1039E08-1E3E-44F9-ADBD-2321D6381BC2}.Debug|Any CPU.ActiveCfg = Debug|Any CPU
		{A1039E08-1E3E-44F9-ADBD-2321D6381BC2}.Debug|Any CPU.Build.0 = Debug|Any CPU
		{A1039E08-1E3E-44F9-ADBD-2321D6381BC2}.Release|Any CPU.ActiveCfg = Release|Any CPU
		{A1039E08-1E3E-44F9-ADBD-2321D6381BC2}.Release|Any CPU.Build.0 = Release|Any CPU
		{DA849051-A1EE-4F49-814C-7370E156C92D}.Debug|Any CPU.ActiveCfg = Debug|Any CPU
		{DA849051-A1EE-4F49-814C-7370E156C92D}.Debug|Any CPU.Build.0 = Debug|Any CPU
		{DA849051-A1EE-4F49-814C-7370E156C92D}.Release|Any CPU.ActiveCfg = Release|Any CPU
		{DA849051-A1EE-4F49-814C-7370E156C92D}.Release|Any CPU.Build.0 = Release|Any CPU
	EndGlobalSection
	GlobalSection(SolutionProperties) = preSolution
		HideSolutionNode = FALSE
	EndGlobalSection
	GlobalSection(ExtensibilityGlobals) = postSolution
		SolutionGuid = {2D6B832D-2D81-45DE-ADD5-EB1925B9C4D6}
	EndGlobalSection
EndGlobal
